
Microsoft Visual Studio Solution File, Format Version 12.00
# Visual Studio Version 17
VisualStudioVersion = 17.8.34330.188
MinimumVisualStudioVersion = 10.0.40219.1
Project("{FAE04EC0-301F-11D3-BF4B-00C04F79EFBC}") = "GenteMarCore.Entities", "GenteMarCore.Entities\GenteMarCore.Entities.csproj", "{E99819B7-D951-4C59-8928-220B258DBC9A}"
EndProject
Project("{FAE04EC0-301F-11D3-BF4B-00C04F79EFBC}") = "GenteMarCore.ProceduresAndViews", "GenteMarCore.ProceduresAndViews\GenteMarCore.ProceduresAndViews.csproj", "{0CFEC2D2-964C-4F7F-8DC1-10608A31D6D5}"
EndProject
Project("{FAE04EC0-301F-11D3-BF4B-00C04F79EFBC}") = "GenteMarCore.Tests", "GenteMarCore.Tests\GenteMarCore.Tests.csproj", "{C5D2DEB6-1CBD-4F36-9B7D-3909BFBC0B42}"
EndProject
Global
	GlobalSection(SolutionConfigurationPlatforms) = preSolution
		Debug|Any CPU = Debug|Any CPU
		Release|Any CPU = Release|Any CPU
	EndGlobalSection
	GlobalSection(ProjectConfigurationPlatforms) = postSolution
		{E99819B7-D951-4C59-8928-220B258DBC9A}.Debug|Any CPU.ActiveCfg = Debug|Any CPU
		{E99819B7-D951-4C59-8928-220B258DBC9A}.Debug|Any CPU.Build.0 = Debug|Any CPU
		{E99819B7-D951-4C59-8928-220B258DBC9A}.Release|Any CPU.ActiveCfg = Release|Any CPU
		{E99819B7-D951-4C59-8928-220B258DBC9A}.Release|Any CPU.Build.0 = Release|Any CPU
		{0CFEC2D2-964C-4F7F-8DC1-10608A31D6D5}.Debug|Any CPU.ActiveCfg = Debug|Any CPU
		{0CFEC2D2-964C-4F7F-8DC1-10608A31D6D5}.Debug|Any CPU.Build.0 = Debug|Any CPU
		{0CFEC2D2-964C-4F7F-8DC1-10608A31D6D5}.Release|Any CPU.ActiveCfg = Release|Any CPU
		{0CFEC2D2-964C-4F7F-8DC1-10608A31D6D5}.Release|Any CPU.Build.0 = Release|Any CPU
		{C5D2DEB6-1CBD-4F36-9B7D-3909BFBC0B42}.Debug|Any CPU.ActiveCfg = Debug|Any CPU
		{C5D2DEB6-1CBD-4F36-9B7D-3909BFBC0B42}.Debug|Any CPU.Build.0 = Debug|Any CPU
		{C5D2DEB6-1CBD-4F36-9B7D-3909BFBC0B42}.Release|Any CPU.ActiveCfg = Release|Any CPU
		{C5D2DEB6-1CBD-4F36-9B7D-3909BFBC0B42}.Release|Any CPU.Build.0 = Release|Any CPU
	EndGlobalSection
	GlobalSection(SolutionProperties) = preSolution
		HideSolutionNode = FALSE
	EndGlobalSection
EndGlobal
